PODS:
  - DATASource (6.1.1)
  - DATAStack (6.1.2)
  - Hex (5.0.0)
  - Networking (2.3.1)
  - Sync (2.3.4):
    - DATAStack (~> 6.1.2)
    - SYNCPropertyMapper (~> 5.1.2)
  - SYNCPropertyMapper (5.1.2)
  - Tagine (0.1.0)

DEPENDENCIES:
  - DATASource
  - Hex
  - Networking
  - Sync
  - Tagine (from `../`)

EXTERNAL SOURCES:
  Tagine:
    :path: ../

SPEC CHECKSUMS:
  DATASource: fa895931841523f62c1378cbc53ef2de87e5cf30
  DATAStack: a45fc144e15193f1b22c26b507cc46655ce96a71
  Hex: 024e4dba5d5a9351e7817713f3dee61553258dcd
  Networking: ccf5f074a956c194b233c1d379261dd51ae9bea9
  Sync: b946c2ab9c51153f075bcaec828215d071ddf6db
  SYNCPropertyMapper: e4cf0f851aa3a1307a42985ab8600787b3382427
  Tagine: 6b6e269a43a2d070d0b76b1a42a345d53d81596c

PODFILE CHECKSUM: 396a75cc180b109faeee9b09ea929b431ec0a186

COCOAPODS: 1.1.1
